<?xml version="1.0" encoding="UTF-8" standalone="yes" ?>
<CodeBlocks_project_file>
	<FileVersion major="1" minor="6" />
	<Project>
		<Option title="Flappy-Bird-Plus" />
		<Option pch_mode="2" />
		<Option compiler="gcc" />
		<Build>
			<Target title="Debug">
				<Option output="bin/Debug/Flappy-Bird-Plus" prefix_auto="1" extension_auto="1" />
				<Option object_output="obj/Debug/" />
				<Option type="1" />
				<Option compiler="gcc" />
				<Compiler>
					<Add option="-g" />
				</Compiler>
			</Target>
			<Target title="Release">
				<Option output="bin/Release/Flappy-Bird-Plus" prefix_auto="1" extension_auto="1" />
				<Option object_output="obj/Release/" />
				<Option type="0" />
				<Option compiler="gcc" />
				<Compiler>
					<Add option="-O2" />
				</Compiler>
				<Linker>
					<Add option="-s" />
				</Linker>
			</Target>
		</Build>
		<Compiler>
			<Add option="-Wall" />
			<Add directory="D:/UET/Nam_1/Ky_2/Lap_trinh_nang_cao/Files/SetupSDL2/Files to setup sdl2/SDL2-devel-2.32.0-mingw/SDL2-2.32.0/x86_64-w64-mingw32/include" />
		</Compiler>
		<Linker>
			<Add library="mingw32" />
			<Add library="SDL2main" />
			<Add library="SDL2.dll" />
			<Add library="user32" />
			<Add library="gdi32" />
			<Add library="winmm" />
			<Add library="dxguid" />
			<Add directory="D:/UET/Nam_1/Ky_2/Lap_trinh_nang_cao/Files/SetupSDL2/Files to setup sdl2/SDL2-devel-2.32.0-mingw/SDL2-2.32.0/x86_64-w64-mingw32/lib" />
		</Linker>
		<ExtraCommands>
			<Add after="XCOPY $(#sdl2)\bin\*.dll $(TARGET_OUTPUT_DIR) /D /Y" />
		</ExtraCommands>
		<Unit filename="Assets/Fonts/font.TTF" />
		<Unit filename="Assets/Images/Flappy_Bird_icon.png" />
		<Unit filename="Assets/Images/background.png" />
		<Unit filename="Assets/Images/bird.png" />
		<Unit filename="Assets/Images/bottom_pipe.png" />
		<Unit filename="Assets/Images/game_over_background.png" />
		<Unit filename="Assets/Images/icon.png" />
		<Unit filename="Assets/Images/loading_screen.png" />
		<Unit filename="Assets/Images/scoreHistory.jpg" />
		<Unit filename="Assets/Images/top_pipe.png" />
		<Unit filename="Assets/Images/tutorial.png" />
		<Unit filename="Assets/MusicBackground/In_game.mp3" />
		<Unit filename="Assets/MusicBackground/Main_menu.mp3" />
		<Unit filename="Assets/MusicBackground/loading.mp3" />
		<Unit filename="Assets/Score/HighestScore.txt" />
		<Unit filename="Assets/Sounds/die.ogg" />
		<Unit filename="Assets/Sounds/hit.ogg" />
		<Unit filename="Assets/Sounds/point.ogg" />
		<Unit filename="Assets/Sounds/swooshing.ogg" />
		<Unit filename="Assets/Sounds/wing.ogg" />
		<Unit filename="constant.h" />
		<Unit filename="entities.h" />
		<Unit filename="game_logic.cpp" />
		<Unit filename="game_logic.h" />
		<Unit filename="init.cpp" />
		<Unit filename="init.h" />
		<Unit filename="main.cpp" />
		<Unit filename="render.cpp" />
		<Unit filename="render.h" />
		<Extensions>
			<lib_finder disable_auto="1" />
		</Extensions>
	</Project>
</CodeBlocks_project_file>
